
Microsoft Visual Studio Solution File, Format Version 12.00
# Visual Studio 2012
Project("{FAE04EC0-301F-11D3-BF4B-00C04F79EFBC}") = "Week 2 Code Challenge", "Week 2 Code Challenge\Week 2 Code Challenge.csproj", "{AD8AA49D-D038-48A1-BB36-8E279895545D}"
EndProject
Global
	GlobalSection(SolutionConfigurationPlatforms) = preSolution
		Debug|Any CPU = Debug|Any CPU
		Release|Any CPU = Release|Any CPU
	EndGlobalSection
	GlobalSection(ProjectConfigurationPlatforms) = postSolution
		{AD8AA49D-D038-48A1-BB36-8E279895545D}.Debug|Any CPU.ActiveCfg = Debug|Any CPU
		{AD8AA49D-D038-48A1-BB36-8E279895545D}.Debug|Any CPU.Build.0 = Debug|Any CPU
		{AD8AA49D-D038-48A1-BB36-8E279895545D}.Release|Any CPU.ActiveCfg = Release|Any CPU
		{AD8AA49D-D038-48A1-BB36-8E279895545D}.Release|Any CPU.Build.0 = Release|Any CPU
	EndGlobalSection
	GlobalSection(SolutionProperties) = preSolution
		HideSolutionNode = FALSE
	EndGlobalSection
EndGlobal
